
Microsoft Visual Studio Solution File, Format Version 12.00
# Visual Studio Version 16
VisualStudioVersion = 16.0.29209.62
MinimumVisualStudioVersion = 10.0.40219.1
Project("{2150E333-8FDC-42A3-9474-1A3956D46DE8}") = "Solution Items", "Solution Items", "{2696512E-D411-48B6-8039-D4D72028B490}"
	ProjectSection(SolutionItems) = preProject
		1338x1337.jpg = 1338x1337.jpg
		1340x1786.jpg = 1340x1786.jpg
		16x16.bmp = 16x16.bmp
		24x24.jpg = 24x24.jpg
		48x48.bmp = 48x48.bmp
		Readme.md = Readme.md
		yokohama12.png = yokohama12.png
	EndProjectSection
EndProject
Project("{8BC9CEB8-8B4A-11D0-8D11-00A0C91BC942}") = "SampleAsyncWork", "SampleAsyncWork\SampleAsyncWork.vcxproj", "{8BF10A15-82D7-4889-82FE-BA764F7121CA}"
EndProject
Global
	GlobalSection(SolutionConfigurationPlatforms) = preSolution
		Debug|x64 = Debug|x64
		Debug|x86 = Debug|x86
		Release|x64 = Release|x64
		Release|x86 = Release|x86
	EndGlobalSection
	GlobalSection(ProjectConfigurationPlatforms) = postSolution
		{8BF10A15-82D7-4889-82FE-BA764F7121CA}.Debug|x64.ActiveCfg = Debug|x64
		{8BF10A15-82D7-4889-82FE-BA764F7121CA}.Debug|x64.Build.0 = Debug|x64
		{8BF10A15-82D7-4889-82FE-BA764F7121CA}.Debug|x86.ActiveCfg = Debug|Win32
		{8BF10A15-82D7-4889-82FE-BA764F7121CA}.Debug|x86.Build.0 = Debug|Win32
		{8BF10A15-82D7-4889-82FE-BA764F7121CA}.Release|x64.ActiveCfg = Release|x64
		{8BF10A15-82D7-4889-82FE-BA764F7121CA}.Release|x64.Build.0 = Release|x64
		{8BF10A15-82D7-4889-82FE-BA764F7121CA}.Release|x86.ActiveCfg = Release|Win32
		{8BF10A15-82D7-4889-82FE-BA764F7121CA}.Release|x86.Build.0 = Release|Win32
	EndGlobalSection
	GlobalSection(SolutionProperties) = preSolution
		HideSolutionNode = FALSE
	EndGlobalSection
	GlobalSection(ExtensibilityGlobals) = postSolution
		SolutionGuid = {E9C0B899-F3AB-4A6D-95DE-8AFE548A1434}
	EndGlobalSection
EndGlobal
